// !$*UTF8*$!
{
	archiveVersion = 1;
	classes = {
	};
	objectVersion = 50;
	objects = {

/* Begin PBXBuildFile section */
		C9659F71234BABE40009AA27 /* AppDelegate.swift in Sources */ = {isa = PBXBuildFile; fileRef = C9659F70234BABE40009AA27 /* AppDelegate.swift */; };
		C9659F73234BABE40009AA27 /* SceneDelegate.swift in Sources */ = {isa = PBXBuildFile; fileRef = C9659F72234BABE40009AA27 /* SceneDelegate.swift */; };
		C9659F7C234BABE60009AA27 /* Assets.xcassets in Resources */ = {isa = PBXBuildFile; fileRef = C9659F7B234BABE60009AA27 /* Assets.xcassets */; };
		C9659F7F234BABE60009AA27 /* LaunchScreen.storyboard in Resources */ = {isa = PBXBuildFile; fileRef = C9659F7D234BABE60009AA27 /* LaunchScreen.storyboard */; };
		C9659F99234C029D0009AA27 /* EventListView.swift in Sources */ = {isa = PBXBuildFile; fileRef = C9659F98234C029D0009AA27 /* EventListView.swift */; };
		C9659F9B234C02FA0009AA27 /* EventListViewModel.swift in Sources */ = {isa = PBXBuildFile; fileRef = C9659F9A234C02FA0009AA27 /* EventListViewModel.swift */; };
		C9659F9D234C035E0009AA27 /* EventRowViewModel.swift in Sources */ = {isa = PBXBuildFile; fileRef = C9659F9C234C035E0009AA27 /* EventRowViewModel.swift */; };
		C9659F9F234C04980009AA27 /* EventFetcher.swift in Sources */ = {isa = PBXBuildFile; fileRef = C9659F9E234C04980009AA27 /* EventFetcher.swift */; };
		C9659FA1234C116B0009AA27 /* EventError.swift in Sources */ = {isa = PBXBuildFile; fileRef = C9659FA0234C116B0009AA27 /* EventError.swift */; };
		C9659FA3234C119F0009AA27 /* Responses.swift in Sources */ = {isa = PBXBuildFile; fileRef = C9659FA2234C119F0009AA27 /* Responses.swift */; };
		C9BDA92F234C1F0B00A08B01 /* Parser.swift in Sources */ = {isa = PBXBuildFile; fileRef = C9BDA92E234C1F0B00A08B01 /* Parser.swift */; };
		C9BDA931234C222D00A08B01 /* EventRow.swift in Sources */ = {isa = PBXBuildFile; fileRef = C9BDA930234C222D00A08B01 /* EventRow.swift */; };
		C9BDA933234C298000A08B01 /* Formatters.swift in Sources */ = {isa = PBXBuildFile; fileRef = C9BDA932234C298000A08B01 /* Formatters.swift */; };
		C9DA0EA1234CE33D001227A1 /* Configuration.swift in Sources */ = {isa = PBXBuildFile; fileRef = C9DA0EA0234CE33D001227A1 /* Configuration.swift */; };
		C9DA0EA6234CF034001227A1 /* EventDetailView.swift in Sources */ = {isa = PBXBuildFile; fileRef = C9DA0EA5234CF034001227A1 /* EventDetailView.swift */; };
/* End PBXBuildFile section */

/* Begin PBXFileReference section */
		C9659F6D234BABE40009AA27 /* TypeAheadDemo.app */ = {isa = PBXFileReference; explicitFileType = wrapper.application; includeInIndex = 0; path = TypeAheadDemo.app; sourceTree = BUILT_PRODUCTS_DIR; };
		C9659F70234BABE40009AA27 /* AppDelegate.swift */ = {isa = PBXFileReference; lastKnownFileType = sourcecode.swift; path = AppDelegate.swift; sourceTree = "<group>"; };
		C9659F72234BABE40009AA27 /* SceneDelegate.swift */ = {isa = PBXFileReference; lastKnownFileType = sourcecode.swift; path = SceneDelegate.swift; sourceTree = "<group>"; };
		C9659F7B234BABE60009AA27 /* Assets.xcassets */ = {isa = PBXFileReference; lastKnownFileType = folder.assetcatalog; path = Assets.xcassets; sourceTree = "<group>"; };
		C9659F7E234BABE60009AA27 /* Base */ = {isa = PBXFileReference; lastKnownFileType = file.storyboard; name = Base; path = Base.lproj/LaunchScreen.storyboard; sourceTree = "<group>"; };
		C9659F80234BABE60009AA27 /* Info.plist */ = {isa = PBXFileReference; lastKnownFileType = text.plist.xml; path = Info.plist; sourceTree = "<group>"; };
		C9659F98234C029D0009AA27 /* EventListView.swift */ = {isa = PBXFileReference; lastKnownFileType = sourcecode.swift; path = EventListView.swift; sourceTree = "<group>"; };
		C9659F9A234C02FA0009AA27 /* EventListViewModel.swift */ = {isa = PBXFileReference; lastKnownFileType = sourcecode.swift; path = EventListViewModel.swift; sourceTree = "<group>"; };
		C9659F9C234C035E0009AA27 /* EventRowViewModel.swift */ = {isa = PBXFileReference; lastKnownFileType = sourcecode.swift; path = EventRowViewModel.swift; sourceTree = "<group>"; };
		C9659F9E234C04980009AA27 /* EventFetcher.swift */ = {isa = PBXFileReference; lastKnownFileType = sourcecode.swift; path = EventFetcher.swift; sourceTree = "<group>"; };
		C9659FA0234C116B0009AA27 /* EventError.swift */ = {isa = PBXFileReference; lastKnownFileType = sourcecode.swift; path = EventError.swift; sourceTree = "<group>"; };
		C9659FA2234C119F0009AA27 /* Responses.swift */ = {isa = PBXFileReference; lastKnownFileType = sourcecode.swift; path = Responses.swift; sourceTree = "<group>"; };
		C9BDA92E234C1F0B00A08B01 /* Parser.swift */ = {isa = PBXFileReference; lastKnownFileType = sourcecode.swift; path = Parser.swift; sourceTree = "<group>"; };
		C9BDA930234C222D00A08B01 /* EventRow.swift */ = {isa = PBXFileReference; lastKnownFileType = sourcecode.swift; path = EventRow.swift; sourceTree = "<group>"; };
		C9BDA932234C298000A08B01 /* Formatters.swift */ = {isa = PBXFileReference; lastKnownFileType = sourcecode.swift; path = Formatters.swift; sourceTree = "<group>"; };
		C9DA0E9D234CE0AD001227A1 /* Development.xcconfig */ = {isa = PBXFileReference; lastKnownFileType = text.xcconfig; path = Development.xcconfig; sourceTree = "<group>"; };
		C9DA0E9E234CE197001227A1 /* Secrets.example.xcconfig */ = {isa = PBXFileReference; lastKnownFileType = text.xcconfig; path = Secrets.example.xcconfig; sourceTree = "<group>"; };
		C9DA0E9F234CE27C001227A1 /* Secrets.xcconfig */ = {isa = PBXFileReference; lastKnownFileType = text.xcconfig; path = Secrets.xcconfig; sourceTree = "<group>"; };
		C9DA0EA0234CE33D001227A1 /* Configuration.swift */ = {isa = PBXFileReference; lastKnownFileType = sourcecode.swift; path = Configuration.swift; sourceTree = "<group>"; };
		C9DA0EA5234CF034001227A1 /* EventDetailView.swift */ = {isa = PBXFileReference; lastKnownFileType = sourcecode.swift; path = EventDetailView.swift; sourceTree = "<group>"; };
/* End PBXFileReference section */

/* Begin PBXFrameworksBuildPhase section */
		C9659F6A234BABE40009AA27 /* Frameworks */ = {
			isa = PBXFrameworksBuildPhase;
			buildActionMask = 2147483647;
			files = (
			);
			runOnlyForDeploymentPostprocessing = 0;
		};
/* End PBXFrameworksBuildPhase section */

/* Begin PBXGroup section */
		C9659F64234BABE40009AA27 = {
			isa = PBXGroup;
			children = (
				C9659F6F234BABE40009AA27 /* TypeAheadDemo */,
				C9659F6E234BABE40009AA27 /* Products */,
			);
			sourceTree = "<group>";
		};
		C9659F6E234BABE40009AA27 /* Products */ = {
			isa = PBXGroup;
			children = (
				C9659F6D234BABE40009AA27 /* TypeAheadDemo.app */,
			);
			name = Products;
			sourceTree = "<group>";
		};
		C9659F6F234BABE40009AA27 /* TypeAheadDemo */ = {
			isa = PBXGroup;
			children = (
				C9BDA92D234C1EF500A08B01 /* Utilities */,
				C9659F94234C00F00009AA27 /* EventList */,
				C9659F96234C012C0009AA27 /* SeatgeekAPI */,
				C9659F97234C01610009AA27 /* Supporting Files */,
			);
			path = TypeAheadDemo;
			sourceTree = "<group>";
		};
		C9659F94234C00F00009AA27 /* EventList */ = {
			isa = PBXGroup;
			children = (
				C9659F98234C029D0009AA27 /* EventListView.swift */,
				C9659F9A234C02FA0009AA27 /* EventListViewModel.swift */,
				C9BDA930234C222D00A08B01 /* EventRow.swift */,
				C9659F9C234C035E0009AA27 /* EventRowViewModel.swift */,
				C9DA0EA5234CF034001227A1 /* EventDetailView.swift */,
			);
			path = EventList;
			sourceTree = "<group>";
		};
		C9659F96234C012C0009AA27 /* SeatgeekAPI */ = {
			isa = PBXGroup;
			children = (
				C9659F9E234C04980009AA27 /* EventFetcher.swift */,
				C9659FA0234C116B0009AA27 /* EventError.swift */,
				C9659FA2234C119F0009AA27 /* Responses.swift */,
			);
			path = SeatgeekAPI;
			sourceTree = "<group>";
		};
		C9659F97234C01610009AA27 /* Supporting Files */ = {
			isa = PBXGroup;
			children = (
				C9659F70234BABE40009AA27 /* AppDelegate.swift */,
				C9659F72234BABE40009AA27 /* SceneDelegate.swift */,
				C9659F7B234BABE60009AA27 /* Assets.xcassets */,
				C9659F7D234BABE60009AA27 /* LaunchScreen.storyboard */,
				C9659F80234BABE60009AA27 /* Info.plist */,
				C9DA0E9D234CE0AD001227A1 /* Development.xcconfig */,
				C9DA0E9E234CE197001227A1 /* Secrets.example.xcconfig */,
				C9DA0E9F234CE27C001227A1 /* Secrets.xcconfig */,
			);
			path = "Supporting Files";
			sourceTree = "<group>";
		};
		C9BDA92D234C1EF500A08B01 /* Utilities */ = {
			isa = PBXGroup;
			children = (
				C9BDA92E234C1F0B00A08B01 /* Parser.swift */,
				C9BDA932234C298000A08B01 /* Formatters.swift */,
				C9DA0EA0234CE33D001227A1 /* Configuration.swift */,
			);
			path = Utilities;
			sourceTree = "<group>";
		};
/* End PBXGroup section */

/* Begin PBXNativeTarget section */
		C9659F6C234BABE40009AA27 /* TypeAheadDemo */ = {
			isa = PBXNativeTarget;
			buildConfigurationList = C9659F8E234BABE60009AA27 /* Build configuration list for PBXNativeTarget "TypeAheadDemo" */;
			buildPhases = (
				C9659F69234BABE40009AA27 /* Sources */,
				C9659F6A234BABE40009AA27 /* Frameworks */,
				C9659F6B234BABE40009AA27 /* Resources */,
			);
			buildRules = (
			);
			dependencies = (
			);
			name = TypeAheadDemo;
			productName = TypeAheadDemo;
			productReference = C9659F6D234BABE40009AA27 /* TypeAheadDemo.app */;
			productType = "com.apple.product-type.application";
		};
/* End PBXNativeTarget section */

/* Begin PBXProject section */
		C9659F65234BABE40009AA27 /* Project object */ = {
			isa = PBXProject;
			attributes = {
				LastSwiftUpdateCheck = 1100;
				LastUpgradeCheck = 1100;
				ORGANIZATIONNAME = "One Stream Ventures";
				TargetAttributes = {
					C9659F6C234BABE40009AA27 = {
						CreatedOnToolsVersion = 11.0;
					};
				};
			};
			buildConfigurationList = C9659F68234BABE40009AA27 /* Build configuration list for PBXProject "TypeAheadDemo" */;
			compatibilityVersion = "Xcode 9.3";
			developmentRegion = en;
			hasScannedForEncodings = 0;
			knownRegions = (
				en,
				Base,
			);
			mainGroup = C9659F64234BABE40009AA27;
			productRefGroup = C9659F6E234BABE40009AA27 /* Products */;
			projectDirPath = "";
			projectRoot = "";
			targets = (
				C9659F6C234BABE40009AA27 /* TypeAheadDemo */,
			);
		};
/* End PBXProject section */

/* Begin PBXResourcesBuildPhase section */
		C9659F6B234BABE40009AA27 /* Resources */ = {
			isa = PBXResourcesBuildPhase;
			buildActionMask = 2147483647;
			files = (
				C9659F7F234BABE60009AA27 /* LaunchScreen.storyboard in Resources */,
				C9659F7C234BABE60009AA27 /* Assets.xcassets in Resources */,
			);
			runOnlyForDeploymentPostprocessing = 0;
		};
/* End PBXResourcesBuildPhase section */

/* Begin PBXSourcesBuildPhase section */
		C9659F69234BABE40009AA27 /* Sources */ = {
			isa = PBXSourcesBuildPhase;
			buildActionMask = 2147483647;
			files = (
				C9659F9F234C04980009AA27 /* EventFetcher.swift in Sources */,
				C9659F71234BABE40009AA27 /* AppDelegate.swift in Sources */,
				C9BDA933234C298000A08B01 /* Formatters.swift in Sources */,
				C9BDA931234C222D00A08B01 /* EventRow.swift in Sources */,
				C9659FA1234C116B0009AA27 /* EventError.swift in Sources */,
				C9659F9B234C02FA0009AA27 /* EventListViewModel.swift in Sources */,
				C9DA0EA6234CF034001227A1 /* EventDetailView.swift in Sources */,
				C9DA0EA1234CE33D001227A1 /* Configuration.swift in Sources */,
				C9659FA3234C119F0009AA27 /* Responses.swift in Sources */,
				C9659F99234C029D0009AA27 /* EventListView.swift in Sources */,
				C9659F73234BABE40009AA27 /* SceneDelegate.swift in Sources */,
				C9BDA92F234C1F0B00A08B01 /* Parser.swift in Sources */,
				C9659F9D234C035E0009AA27 /* EventRowViewModel.swift in Sources */,
			);
			runOnlyForDeploymentPostprocessing = 0;
		};
/* End PBXSourcesBuildPhase section */

/* Begin PBXVariantGroup section */
		C9659F7D234BABE60009AA27 /* LaunchScreen.storyboard */ = {
			isa = PBXVariantGroup;
			children = (
				C9659F7E234BABE60009AA27 /* Base */,
			);
			name = LaunchScreen.storyboard;
			sourceTree = "<group>";
		};
/* End PBXVariantGroup section */

/* Begin XCBuildConfiguration section */
		C9659F8C234BABE60009AA27 /* Debug */ = {
			isa = XCBuildConfiguration;
			buildSettings = {
				ALWAYS_SEARCH_USER_PATHS = NO;
				CLANG_ANALYZER_NONNULL = YES;
				CLANG_ANALYZER_NUMBER_OBJECT_CONVERSION = YES_AGGRESSIVE;
				CLANG_CXX_LANGUAGE_STANDARD = "gnu++14";
				CLANG_CXX_LIBRARY = "libc++";
				CLANG_ENABLE_MODULES = YES;
				CLANG_ENABLE_OBJC_ARC = YES;
				CLANG_ENABLE_OBJC_WEAK = YES;
				CLANG_WARN_BLOCK_CAPTURE_AUTORELEASING = YES;
				CLANG_WARN_BOOL_CONVERSION = YES;
				CLANG_WARN_COMMA = YES;
				CLANG_WARN_CONSTANT_CONVERSION = YES;
				CLANG_WARN_DEPRECATED_OBJC_IMPLEMENTATIONS = YES;
				CLANG_WARN_DIRECT_OBJC_ISA_USAGE = YES_ERROR;
				CLANG_WARN_DOCUMENTATION_COMMENTS = YES;
				CLANG_WARN_EMPTY_BODY = YES;
				CLANG_WARN_ENUM_CONVERSION = YES;
				CLANG_WARN_INFINITE_RECURSION = YES;
				CLANG_WARN_INT_CONVERSION = YES;
				CLANG_WARN_NON_LITERAL_NULL_CONVERSION = YES;
				CLANG_WARN_OBJC_IMPLICIT_RETAIN_SELF = YES;
				CLANG_WARN_OBJC_LITERAL_CONVERSION = YES;
				CLANG_WARN_OBJC_ROOT_CLASS = YES_ERROR;
				CLANG_WARN_RANGE_LOOP_ANALYSIS = YES;
				CLANG_WARN_STRICT_PROTOTYPES = YES;
				CLANG_WARN_SUSPICIOUS_MOVE = YES;
				CLANG_WARN_UNGUARDED_AVAILABILITY = YES_AGGRESSIVE;
				CLANG_WARN_UNREACHABLE_CODE = YES;
				CLANG_WARN__DUPLICATE_METHOD_MATCH = YES;
				COPY_PHASE_STRIP = NO;
				DEBUG_INFORMATION_FORMAT = dwarf;
				ENABLE_STRICT_OBJC_MSGSEND = YES;
				ENABLE_TESTABILITY = YES;
				GCC_C_LANGUAGE_STANDARD = gnu11;
				GCC_DYNAMIC_NO_PIC = NO;
				GCC_NO_COMMON_BLOCKS = YES;
				GCC_OPTIMIZATION_LEVEL = 0;
				GCC_PREPROCESSOR_DEFINITIONS = (
					"DEBUG=1",
					"$(inherited)",
				);
				GCC_WARN_64_TO_32_BIT_CONVERSION = YES;
				GCC_WARN_ABOUT_RETURN_TYPE = YES_ERROR;
				GCC_WARN_UNDECLARED_SELECTOR = YES;
				GCC_WARN_UNINITIALIZED_AUTOS = YES_AGGRESSIVE;
				GCC_WARN_UNUSED_FUNCTION = YES;
				GCC_WARN_UNUSED_VARIABLE = YES;
				IPHONEOS_DEPLOYMENT_TARGET = 13.0;
				MTL_ENABLE_DEBUG_INFO = INCLUDE_SOURCE;
				MTL_FAST_MATH = YES;
				ONLY_ACTIVE_ARCH = YES;
				SDKROOT = iphoneos;
				SWIFT_ACTIVE_COMPILATION_CONDITIONS = DEBUG;
				SWIFT_OPTIMIZATION_LEVEL = "-Onone";
			};
			name = Debug;
		};
		C9659F8D234BABE60009AA27 /* Release */ = {
			isa = XCBuildConfiguration;
			buildSettings = {
				ALWAYS_SEARCH_USER_PATHS = NO;
				CLANG_ANALYZER_NONNULL = YES;
				CLANG_ANALYZER_NUMBER_OBJECT_CONVERSION = YES_AGGRESSIVE;
				CLANG_CXX_LANGUAGE_STANDARD = "gnu++14";
				CLANG_CXX_LIBRARY = "libc++";
				CLANG_ENABLE_MODULES = YES;
				CLANG_ENABLE_OBJC_ARC = YES;
				CLANG_ENABLE_OBJC_WEAK = YES;
				CLANG_WARN_BLOCK_CAPTURE_AUTORELEASING = YES;
				CLANG_WARN_BOOL_CONVERSION = YES;
				CLANG_WARN_COMMA = YES;
				CLANG_WARN_CONSTANT_CONVERSION = YES;
				CLANG_WARN_DEPRECATED_OBJC_IMPLEMENTATIONS = YES;
				CLANG_WARN_DIRECT_OBJC_ISA_USAGE = YES_ERROR;
				CLANG_WARN_DOCUMENTATION_COMMENTS = YES;
				CLANG_WARN_EMPTY_BODY = YES;
				CLANG_WARN_ENUM_CONVERSION = YES;
				CLANG_WARN_INFINITE_RECURSION = YES;
				CLANG_WARN_INT_CONVERSION = YES;
				CLANG_WARN_NON_LITERAL_NULL_CONVERSION = YES;
				CLANG_WARN_OBJC_IMPLICIT_RETAIN_SELF = YES;
				CLANG_WARN_OBJC_LITERAL_CONVERSION = YES;
				CLANG_WARN_OBJC_ROOT_CLASS = YES_ERROR;
				CLANG_WARN_RANGE_LOOP_ANALYSIS = YES;
				CLANG_WARN_STRICT_PROTOTYPES = YES;
				CLANG_WARN_SUSPICIOUS_MOVE = YES;
				CLANG_WARN_UNGUARDED_AVAILABILITY = YES_AGGRESSIVE;
				CLANG_WARN_UNREACHABLE_CODE = YES;
				CLANG_WARN__DUPLICATE_METHOD_MATCH = YES;
				COPY_PHASE_STRIP = NO;
				DEBUG_INFORMATION_FORMAT = "dwarf-with-dsym";
				ENABLE_NS_ASSERTIONS = NO;
				ENABLE_STRICT_OBJC_MSGSEND = YES;
				GCC_C_LANGUAGE_STANDARD = gnu11;
				GCC_NO_COMMON_BLOCKS = YES;
				GCC_WARN_64_TO_32_BIT_CONVERSION = YES;
				GCC_WARN_ABOUT_RETURN_TYPE = YES_ERROR;
				GCC_WARN_UNDECLARED_SELECTOR = YES;
				GCC_WARN_UNINITIALIZED_AUTOS = YES_AGGRESSIVE;
				GCC_WARN_UNUSED_FUNCTION = YES;
				GCC_WARN_UNUSED_VARIABLE = YES;
				IPHONEOS_DEPLOYMENT_TARGET = 13.0;
				MTL_ENABLE_DEBUG_INFO = NO;
				MTL_FAST_MATH = YES;
				SDKROOT = iphoneos;
				SWIFT_COMPILATION_MODE = wholemodule;
				SWIFT_OPTIMIZATION_LEVEL = "-O";
				VALIDATE_PRODUCT = YES;
			};
			name = Release;
		};
		C9659F8F234BABE60009AA27 /* Debug */ = {
			isa = XCBuildConfiguration;
			baseConfigurationReference = C9DA0E9D234CE0AD001227A1 /* Development.xcconfig */;
			buildSettings = {
				ASSETCATALOG_COMPILER_APPICON_NAME = AppIcon;
				CODE_SIGN_STYLE = Automatic;
				DEVELOPMENT_TEAM = 47BH59G3XX;
				INFOPLIST_FILE = "TypeAheadDemo/Supporting Files/Info.plist";
				LD_RUNPATH_SEARCH_PATHS = (
					"$(inherited)",
					"@executable_path/Frameworks",
				);
				PRODUCT_BUNDLE_IDENTIFIER = com.1sv.TypeAheadDemo;
				PRODUCT_NAME = "$(TARGET_NAME)";
				SWIFT_VERSION = 5.0;
				TARGETED_DEVICE_FAMILY = 1;
			};
			name = Debug;
		};
		C9659F90234BABE60009AA27 /* Release */ = {
			isa = XCBuildConfiguration;
			buildSettings = {
				ASSETCATALOG_COMPILER_APPICON_NAME = AppIcon;
				CODE_SIGN_STYLE = Automatic;
				DEVELOPMENT_TEAM = 47BH59G3XX;
				INFOPLIST_FILE = "TypeAheadDemo/Supporting Files/Info.plist";
				LD_RUNPATH_SEARCH_PATHS = (
					"$(inherited)",
					"@executable_path/Frameworks",
				);
				PRODUCT_BUNDLE_IDENTIFIER = com.1sv.TypeAheadDemo;
				PRODUCT_NAME = "$(TARGET_NAME)";
				SWIFT_VERSION = 5.0;
				TARGETED_DEVICE_FAMILY = 1;
			};
			name = Release;
		};
/* End XCBuildConfiguration section */

/* Begin XCConfigurationList section */
		C9659F68234BABE40009AA27 /* Build configuration list for PBXProject "TypeAheadDemo" */ = {
			isa = XCConfigurationList;
			buildConfigurations = (
				C9659F8C234BABE60009AA27 /* Debug */,
				C9659F8D234BABE60009AA27 /* Release */,
			);
			defaultConfigurationIsVisible = 0;
			defaultConfigurationName = Release;
		};
		C9659F8E234BABE60009AA27 /* Build configuration list for PBXNativeTarget "TypeAheadDemo" */ = {
			isa = XCConfigurationList;
			buildConfigurations = (
				C9659F8F234BABE60009AA27 /* Debug */,
				C9659F90234BABE60009AA27 /* Release */,
			);
			defaultConfigurationIsVisible = 0;
			defaultConfigurationName = Release;
		};
/* End XCConfigurationList section */
	};
	rootObject = C9659F65234BABE40009AA27 /* Project object */;
}
